
Microsoft Visual Studio Solution File, Format Version 12.00
# Visual Studio Version 17
VisualStudioVersion = 17.7.34024.191
MinimumVisualStudioVersion = 10.0.40219.1
Project("{FAE04EC0-301F-11D3-BF4B-00C04F79EFBC}") = "lampadina V03 09.10.2024", "lampadina V03 09.10.2024\lampadina V03 09.10.2024.csproj", "{91C0D6F1-621E-4272-BD9A-27E03BC99A7E}"
EndProject
Global
	GlobalSection(SolutionConfigurationPlatforms) = preSolution
		Debug|Any CPU = Debug|Any CPU
		Release|Any CPU = Release|Any CPU
	EndGlobalSection
	GlobalSection(ProjectConfigurationPlatforms) = postSolution
		{91C0D6F1-621E-4272-BD9A-27E03BC99A7E}.Debug|Any CPU.ActiveCfg = Debug|Any CPU
		{91C0D6F1-621E-4272-BD9A-27E03BC99A7E}.Debug|Any CPU.Build.0 = Debug|Any CPU
		{91C0D6F1-621E-4272-BD9A-27E03BC99A7E}.Release|Any CPU.ActiveCfg = Release|Any CPU
		{91C0D6F1-621E-4272-BD9A-27E03BC99A7E}.Release|Any CPU.Build.0 = Release|Any CPU
	EndGlobalSection
	GlobalSection(SolutionProperties) = preSolution
		HideSolutionNode = FALSE
	EndGlobalSection
	GlobalSection(ExtensibilityGlobals) = postSolution
		SolutionGuid = {EA866067-9F35-4AB1-A8CB-A11F6DB1AD36}
	EndGlobalSection
EndGlobal
